
Microsoft Visual Studio Solution File, Format Version 12.00
# Visual Studio 2013
VisualStudioVersion = 12.0.31101.0
MinimumVisualStudioVersion = 10.0.40219.1
Project("{FAE04EC0-301F-11D3-BF4B-00C04F79EFBC}") = "Tests", "Tests\Tests.csproj", "{B950A57F-A39D-4B7A-9C77-8595510755DC}"
EndProject
Project("{FAE04EC0-301F-11D3-BF4B-00C04F79EFBC}") = "Wrappers", "Wrappers\Wrappers.csproj", "{722FCD5A-44B0-47FA-855C-5D6662E8E257}"
EndProject
Global
	GlobalSection(SolutionConfigurationPlatforms) = preSolution
		Debug|Any CPU = Debug|Any CPU
		Release|Any CPU = Release|Any CPU
	EndGlobalSection
	GlobalSection(ProjectConfigurationPlatforms) = postSolution
		{B950A57F-A39D-4B7A-9C77-8595510755DC}.Debug|Any CPU.ActiveCfg = Debug|Any CPU
		{B950A57F-A39D-4B7A-9C77-8595510755DC}.Debug|Any CPU.Build.0 = Debug|Any CPU
		{B950A57F-A39D-4B7A-9C77-8595510755DC}.Release|Any CPU.ActiveCfg = Release|Any CPU
		{B950A57F-A39D-4B7A-9C77-8595510755DC}.Release|Any CPU.Build.0 = Release|Any CPU
		{722FCD5A-44B0-47FA-855C-5D6662E8E257}.Debug|Any CPU.ActiveCfg = Debug|Any CPU
		{722FCD5A-44B0-47FA-855C-5D6662E8E257}.Debug|Any CPU.Build.0 = Debug|Any CPU
		{722FCD5A-44B0-47FA-855C-5D6662E8E257}.Release|Any CPU.ActiveCfg = Release|Any CPU
		{722FCD5A-44B0-47FA-855C-5D6662E8E257}.Release|Any CPU.Build.0 = Release|Any CPU
	EndGlobalSection
	GlobalSection(SolutionProperties) = preSolution
		HideSolutionNode = FALSE
	EndGlobalSection
EndGlobal
